github.com/TwiN/go-color v1.1.0 h1:yhLAHgjp2iAxmNjDiVb6Z073NE65yoaPlcki1Q22yyQ=
github.com/TwiN/go-color v1.1.0/go.mod h1:aKVf4e1mD4ai2FtPifkDPP5iyoCwiK08YGzGwerjKo0=
github.com/micmonay/keybd_event v1.1.1 h1:rv7omwXWYL9Lgf3PUq6uBgJI2k1yGkL/GD6dxc6nmSs=
github.com/micmonay/keybd_event v1.1.1/go.mod h1:CGMWMDNgsfPljzrAWoybUOSKafQPZpv+rLigt2LzNGI=
